
Microsoft Visual Studio Solution File, Format Version 12.00
# Visual Studio 2017
Project("{FAE04EC0-301F-11D3-BF4B-00C04F79EFBC}") = "Genetic Algorithm - Difficulty Balancing", "Genetic Algorithm - Difficulty Balancing.csproj", "{6A0BA3C6-ED2C-2B09-78C1-4FF0E7EF93F7}"
EndProject
Global
	GlobalSection(SolutionConfigurationPlatforms) = preSolution
		Debug|Any CPU = Debug|Any CPU
		Release|Any CPU = Release|Any CPU
	EndGlobalSection
	GlobalSection(ProjectConfigurationPlatforms) = postSolution
		{6A0BA3C6-ED2C-2B09-78C1-4FF0E7EF93F7}.Debug|Any CPU.ActiveCfg = Debug|Any CPU
		{6A0BA3C6-ED2C-2B09-78C1-4FF0E7EF93F7}.Debug|Any CPU.Build.0 = Debug|Any CPU
		{6A0BA3C6-ED2C-2B09-78C1-4FF0E7EF93F7}.Release|Any CPU.ActiveCfg = Release|Any CPU
		{6A0BA3C6-ED2C-2B09-78C1-4FF0E7EF93F7}.Release|Any CPU.Build.0 = Release|Any CPU
	EndGlobalSection
	GlobalSection(SolutionProperties) = preSolution
		HideSolutionNode = FALSE
	EndGlobalSection
EndGlobal
